
Microsoft Visual Studio Solution File, Format Version 12.00
# Visual Studio Version 16
VisualStudioVersion = 16.0.30317.65
MinimumVisualStudioVersion = 10.0.40219.1
Project("{FAE04EC0-301F-11D3-BF4B-00C04F79EFBC}") = "MovieQuiz", "MovieQuiz.csproj", "{DE1260B7-0804-4775-895D-2D6B642C40F6}"
EndProject
Global
	GlobalSection(SolutionConfigurationPlatforms) = preSolution
		Debug|Any CPU = Debug|Any CPU
		Release|Any CPU = Release|Any CPU
	EndGlobalSection
	GlobalSection(ProjectConfigurationPlatforms) = postSolution
		{DE1260B7-0804-4775-895D-2D6B642C40F6}.Debug|Any CPU.ActiveCfg = Debug|Any CPU
		{DE1260B7-0804-4775-895D-2D6B642C40F6}.Debug|Any CPU.Build.0 = Debug|Any CPU
		{DE1260B7-0804-4775-895D-2D6B642C40F6}.Release|Any CPU.ActiveCfg = Release|Any CPU
		{DE1260B7-0804-4775-895D-2D6B642C40F6}.Release|Any CPU.Build.0 = Release|Any CPU
	EndGlobalSection
	GlobalSection(SolutionProperties) = preSolution
		HideSolutionNode = FALSE
	EndGlobalSection
	GlobalSection(ExtensibilityGlobals) = postSolution
		SolutionGuid = {0166EBBA-FCCF-41C7-9C60-18C1385BF77A}
	EndGlobalSection
EndGlobal
